// !$*UTF8*$!
{
	archiveVersion = 1;
	classes = {
	};
	objectVersion = 46;
	objects = {

/* Begin PBXBuildFile section */
		8925D3591F3A17E600932307 /* AppDelegate.swift in Sources */ = {isa = PBXBuildFile; fileRef = 8925D3581F3A17E600932307 /* AppDelegate.swift */; };
		8925D35E1F3A17E600932307 /* Main.storyboard in Resources */ = {isa = PBXBuildFile; fileRef = 8925D35C1F3A17E600932307 /* Main.storyboard */; };
		8925D3601F3A17E600932307 /* Assets.xcassets in Resources */ = {isa = PBXBuildFile; fileRef = 8925D35F1F3A17E600932307 /* Assets.xcassets */; };
		8925D3631F3A17E600932307 /* LaunchScreen.storyboard in Resources */ = {isa = PBXBuildFile; fileRef = 8925D3611F3A17E600932307 /* LaunchScreen.storyboard */; };
		8925D36B1F3A182200932307 /* JESlideMenu.swift in Sources */ = {isa = PBXBuildFile; fileRef = 8925D36A1F3A182200932307 /* JESlideMenu.swift */; };
		8925D3701F3A189100932307 /* Localizable.strings in Resources */ = {isa = PBXBuildFile; fileRef = 8925D3721F3A189100932307 /* Localizable.strings */; };
		8925D3751F3A1DFD00932307 /* SlideTableViewController.swift in Sources */ = {isa = PBXBuildFile; fileRef = 8925D3741F3A1DFD00932307 /* SlideTableViewController.swift */; };
		8925D3771F3A1FAE00932307 /* ViewController.swift in Sources */ = {isa = PBXBuildFile; fileRef = 8925D3761F3A1FAE00932307 /* ViewController.swift */; };
/* End PBXBuildFile section */

/* Begin PBXFileReference section */
		8925D3551F3A17E600932307 /* JESlideMenu.app */ = {isa = PBXFileReference; explicitFileType = wrapper.application; includeInIndex = 0; path = JESlideMenu.app; sourceTree = BUILT_PRODUCTS_DIR; };
		8925D3581F3A17E600932307 /* AppDelegate.swift */ = {isa = PBXFileReference; lastKnownFileType = sourcecode.swift; path = AppDelegate.swift; sourceTree = "<group>"; };
		8925D35D1F3A17E600932307 /* Base */ = {isa = PBXFileReference; lastKnownFileType = file.storyboard; name = Base; path = Base.lproj/Main.storyboard; sourceTree = "<group>"; };
		8925D35F1F3A17E600932307 /* Assets.xcassets */ = {isa = PBXFileReference; lastKnownFileType = folder.assetcatalog; path = Assets.xcassets; sourceTree = "<group>"; };
		8925D3621F3A17E600932307 /* Base */ = {isa = PBXFileReference; lastKnownFileType = file.storyboard; name = Base; path = Base.lproj/LaunchScreen.storyboard; sourceTree = "<group>"; };
		8925D3641F3A17E600932307 /* Info.plist */ = {isa = PBXFileReference; lastKnownFileType = text.plist.xml; path = Info.plist; sourceTree = "<group>"; };
		8925D36A1F3A182200932307 /* JESlideMenu.swift */ = {isa = PBXFileReference; fileEncoding = 4; lastKnownFileType = sourcecode.swift; path = JESlideMenu.swift; sourceTree = "<group>"; };
		8925D36E1F3A188B00932307 /* de */ = {isa = PBXFileReference; lastKnownFileType = text.plist.strings; name = de; path = de.lproj/Main.strings; sourceTree = "<group>"; };
		8925D36F1F3A188B00932307 /* de */ = {isa = PBXFileReference; lastKnownFileType = text.plist.strings; name = de; path = de.lproj/LaunchScreen.strings; sourceTree = "<group>"; };
		8925D3711F3A189100932307 /* en */ = {isa = PBXFileReference; lastKnownFileType = text.plist.strings; name = en; path = en.lproj/Localizable.strings; sourceTree = "<group>"; };
		8925D3731F3A189400932307 /* de */ = {isa = PBXFileReference; lastKnownFileType = text.plist.strings; name = de; path = de.lproj/Localizable.strings; sourceTree = "<group>"; };
		8925D3741F3A1DFD00932307 /* SlideTableViewController.swift */ = {isa = PBXFileReference; fileEncoding = 4; lastKnownFileType = sourcecode.swift; path = SlideTableViewController.swift; sourceTree = "<group>"; };
		8925D3761F3A1FAE00932307 /* ViewController.swift */ = {isa = PBXFileReference; fileEncoding = 4; lastKnownFileType = sourcecode.swift; path = ViewController.swift; sourceTree = "<group>"; };
/* End PBXFileReference section */

/* Begin PBXFrameworksBuildPhase section */
		8925D3521F3A17E600932307 /* Frameworks */ = {
			isa = PBXFrameworksBuildPhase;
			buildActionMask = 2147483647;
			files = (
			);
			runOnlyForDeploymentPostprocessing = 0;
		};
/* End PBXFrameworksBuildPhase section */

/* Begin PBXGroup section */
		8925D34C1F3A17E600932307 = {
			isa = PBXGroup;
			children = (
				8925D3571F3A17E600932307 /* JESlideMenu */,
				8925D3561F3A17E600932307 /* Products */,
			);
			sourceTree = "<group>";
		};
		8925D3561F3A17E600932307 /* Products */ = {
			isa = PBXGroup;
			children = (
				8925D3551F3A17E600932307 /* JESlideMenu.app */,
			);
			name = Products;
			sourceTree = "<group>";
		};
		8925D3571F3A17E600932307 /* JESlideMenu */ = {
			isa = PBXGroup;
			children = (
				8925D3581F3A17E600932307 /* AppDelegate.swift */,
				8925D36A1F3A182200932307 /* JESlideMenu.swift */,
				8925D35C1F3A17E600932307 /* Main.storyboard */,
				8925D3761F3A1FAE00932307 /* ViewController.swift */,
				8925D3741F3A1DFD00932307 /* SlideTableViewController.swift */,
				8925D3721F3A189100932307 /* Localizable.strings */,
				8925D35F1F3A17E600932307 /* Assets.xcassets */,
				8925D3611F3A17E600932307 /* LaunchScreen.storyboard */,
				8925D3641F3A17E600932307 /* Info.plist */,
			);
			path = JESlideMenu;
			sourceTree = "<group>";
		};
/* End PBXGroup section */

/* Begin PBXNativeTarget section */
		8925D3541F3A17E600932307 /* JESlideMenu */ = {
			isa = PBXNativeTarget;
			buildConfigurationList = 8925D3671F3A17E600932307 /* Build configuration list for PBXNativeTarget "JESlideMenu" */;
			buildPhases = (
				8925D3511F3A17E600932307 /* Sources */,
				8925D3521F3A17E600932307 /* Frameworks */,
				8925D3531F3A17E600932307 /* Resources */,
			);
			buildRules = (
			);
			dependencies = (
			);
			name = JESlideMenu;
			productName = JESlideMenu;
			productReference = 8925D3551F3A17E600932307 /* JESlideMenu.app */;
			productType = "com.apple.product-type.application";
		};
/* End PBXNativeTarget section */

/* Begin PBXProject section */
		8925D34D1F3A17E600932307 /* Project object */ = {
			isa = PBXProject;
			attributes = {
				LastSwiftUpdateCheck = 0830;
				LastUpgradeCheck = 0830;
				ORGANIZATIONNAME = JE;
				TargetAttributes = {
					8925D3541F3A17E600932307 = {
						CreatedOnToolsVersion = 8.3.3;
						ProvisioningStyle = Manual;
					};
				};
			};
			buildConfigurationList = 8925D3501F3A17E600932307 /* Build configuration list for PBXProject "JESlideMenu" */;
			compatibilityVersion = "Xcode 3.2";
			developmentRegion = English;
			hasScannedForEncodings = 0;
			knownRegions = (
				en,
				Base,
				de,
			);
			mainGroup = 8925D34C1F3A17E600932307;
			productRefGroup = 8925D3561F3A17E600932307 /* Products */;
			projectDirPath = "";
			projectRoot = "";
			targets = (
				8925D3541F3A17E600932307 /* JESlideMenu */,
			);
		};
/* End PBXProject section */

/* Begin PBXResourcesBuildPhase section */
		8925D3531F3A17E600932307 /* Resources */ = {
			isa = PBXResourcesBuildPhase;
			buildActionMask = 2147483647;
			files = (
				8925D3631F3A17E600932307 /* LaunchScreen.storyboard in Resources */,
				8925D3701F3A189100932307 /* Localizable.strings in Resources */,
				8925D3601F3A17E600932307 /* Assets.xcassets in Resources */,
				8925D35E1F3A17E600932307 /* Main.storyboard in Resources */,
			);
			runOnlyForDeploymentPostprocessing = 0;
		};
/* End PBXResourcesBuildPhase section */

/* Begin PBXSourcesBuildPhase section */
		8925D3511F3A17E600932307 /* Sources */ = {
			isa = PBXSourcesBuildPhase;
			buildActionMask = 2147483647;
			files = (
				8925D36B1F3A182200932307 /* JESlideMenu.swift in Sources */,
				8925D3751F3A1DFD00932307 /* SlideTableViewController.swift in Sources */,
				8925D3771F3A1FAE00932307 /* ViewController.swift in Sources */,
				8925D3591F3A17E600932307 /* AppDelegate.swift in Sources */,
			);
			runOnlyForDeploymentPostprocessing = 0;
		};
/* End PBXSourcesBuildPhase section */

/* Begin PBXVariantGroup section */
		8925D35C1F3A17E600932307 /* Main.storyboard */ = {
			isa = PBXVariantGroup;
			children = (
				8925D35D1F3A17E600932307 /* Base */,
				8925D36E1F3A188B00932307 /* de */,
			);
			name = Main.storyboard;
			sourceTree = "<group>";
		};
		8925D3611F3A17E600932307 /* LaunchScreen.storyboard */ = {
			isa = PBXVariantGroup;
			children = (
				8925D3621F3A17E600932307 /* Base */,
				8925D36F1F3A188B00932307 /* de */,
			);
			name = LaunchScreen.storyboard;
			sourceTree = "<group>";
		};
		8925D3721F3A189100932307 /* Localizable.strings */ = {
			isa = PBXVariantGroup;
			children = (
				8925D3711F3A189100932307 /* en */,
				8925D3731F3A189400932307 /* de */,
			);
			name = Localizable.strings;
			sourceTree = "<group>";
		};
/* End PBXVariantGroup section */

/* Begin XCBuildConfiguration section */
		8925D3651F3A17E600932307 /* Debug */ = {
			isa = XCBuildConfiguration;
			buildSettings = {
				ALWAYS_SEARCH_USER_PATHS = NO;
				CLANG_ANALYZER_LOCALIZABILITY_NONLOCALIZED = YES;
				CLANG_ANALYZER_NONNULL = YES;
				CLANG_ANALYZER_NUMBER_OBJECT_CONVERSION = YES_AGGRESSIVE;
				CLANG_CXX_LANGUAGE_STANDARD = "gnu++0x";
				CLANG_CXX_LIBRARY = "libc++";
				CLANG_ENABLE_MODULES = YES;
				CLANG_ENABLE_OBJC_ARC = YES;
				CLANG_WARN_BOOL_CONVERSION = YES;
				CLANG_WARN_CONSTANT_CONVERSION = YES;
				CLANG_WARN_DIRECT_OBJC_ISA_USAGE = YES_ERROR;
				CLANG_WARN_DOCUMENTATION_COMMENTS = YES;
				CLANG_WARN_EMPTY_BODY = YES;
				CLANG_WARN_ENUM_CONVERSION = YES;
				CLANG_WARN_INFINITE_RECURSION = YES;
				CLANG_WARN_INT_CONVERSION = YES;
				CLANG_WARN_OBJC_ROOT_CLASS = YES_ERROR;
				CLANG_WARN_SUSPICIOUS_MOVE = YES;
				CLANG_WARN_UNREACHABLE_CODE = YES;
				CLANG_WARN__DUPLICATE_METHOD_MATCH = YES;
				"CODE_SIGN_IDENTITY[sdk=iphoneos*]" = "iPhone Developer";
				COPY_PHASE_STRIP = NO;
				DEBUG_INFORMATION_FORMAT = dwarf;
				ENABLE_STRICT_OBJC_MSGSEND = YES;
				ENABLE_TESTABILITY = YES;
				GCC_C_LANGUAGE_STANDARD = gnu99;
				GCC_DYNAMIC_NO_PIC = NO;
				GCC_NO_COMMON_BLOCKS = YES;
				GCC_OPTIMIZATION_LEVEL = 0;
				GCC_PREPROCESSOR_DEFINITIONS = (
					"DEBUG=1",
					"$(inherited)",
				);
				GCC_WARN_64_TO_32_BIT_CONVERSION = YES;
				GCC_WARN_ABOUT_RETURN_TYPE = YES_ERROR;
				GCC_WARN_UNDECLARED_SELECTOR = YES;
				GCC_WARN_UNINITIALIZED_AUTOS = YES_AGGRESSIVE;
				GCC_WARN_UNUSED_FUNCTION = YES;
				GCC_WARN_UNUSED_VARIABLE = YES;
				IPHONEOS_DEPLOYMENT_TARGET = 10.3;
				MTL_ENABLE_DEBUG_INFO = YES;
				ONLY_ACTIVE_ARCH = YES;
				SDKROOT = iphoneos;
				SWIFT_ACTIVE_COMPILATION_CONDITIONS = DEBUG;
				SWIFT_OPTIMIZATION_LEVEL = "-Onone";
				TARGETED_DEVICE_FAMILY = "1,2";
			};
			name = Debug;
		};
		8925D3661F3A17E600932307 /* Release */ = {
			isa = XCBuildConfiguration;
			buildSettings = {
				ALWAYS_SEARCH_USER_PATHS = NO;
				CLANG_ANALYZER_LOCALIZABILITY_NONLOCALIZED = YES;
				CLANG_ANALYZER_NONNULL = YES;
				CLANG_ANALYZER_NUMBER_OBJECT_CONVERSION = YES_AGGRESSIVE;
				CLANG_CXX_LANGUAGE_STANDARD = "gnu++0x";
				CLANG_CXX_LIBRARY = "libc++";
				CLANG_ENABLE_MODULES = YES;
				CLANG_ENABLE_OBJC_ARC = YES;
				CLANG_WARN_BOOL_CONVERSION = YES;
				CLANG_WARN_CONSTANT_CONVERSION = YES;
				CLANG_WARN_DIRECT_OBJC_ISA_USAGE = YES_ERROR;
				CLANG_WARN_DOCUMENTATION_COMMENTS = YES;
				CLANG_WARN_EMPTY_BODY = YES;
				CLANG_WARN_ENUM_CONVERSION = YES;
				CLANG_WARN_INFINITE_RECURSION = YES;
				CLANG_WARN_INT_CONVERSION = YES;
				CLANG_WARN_OBJC_ROOT_CLASS = YES_ERROR;
				CLANG_WARN_SUSPICIOUS_MOVE = YES;
				CLANG_WARN_UNREACHABLE_CODE = YES;
				CLANG_WARN__DUPLICATE_METHOD_MATCH = YES;
				"CODE_SIGN_IDENTITY[sdk=iphoneos*]" = "iPhone Developer";
				COPY_PHASE_STRIP = NO;
				DEBUG_INFORMATION_FORMAT = "dwarf-with-dsym";
				ENABLE_NS_ASSERTIONS = NO;
				ENABLE_STRICT_OBJC_MSGSEND = YES;
				GCC_C_LANGUAGE_STANDARD = gnu99;
				GCC_NO_COMMON_BLOCKS = YES;
				GCC_WARN_64_TO_32_BIT_CONVERSION = YES;
				GCC_WARN_ABOUT_RETURN_TYPE = YES_ERROR;
				GCC_WARN_UNDECLARED_SELECTOR = YES;
				GCC_WARN_UNINITIALIZED_AUTOS = YES_AGGRESSIVE;
				GCC_WARN_UNUSED_FUNCTION = YES;
				GCC_WARN_UNUSED_VARIABLE = YES;
				IPHONEOS_DEPLOYMENT_TARGET = 10.3;
				MTL_ENABLE_DEBUG_INFO = NO;
				SDKROOT = iphoneos;
				SWIFT_OPTIMIZATION_LEVEL = "-Owholemodule";
				TARGETED_DEVICE_FAMILY = "1,2";
				VALIDATE_PRODUCT = YES;
			};
			name = Release;
		};
		8925D3681F3A17E600932307 /* Debug */ = {
			isa = XCBuildConfiguration;
			buildSettings = {
				ASSETCATALOG_COMPILER_APPICON_NAME = AppIcon;
				CODE_SIGN_IDENTITY = "";
				"CODE_SIGN_IDENTITY[sdk=iphoneos*]" = "";
				DEVELOPMENT_TEAM = "";
				INFOPLIST_FILE = JESlideMenu/Info.plist;
				IPHONEOS_DEPLOYMENT_TARGET = 9.0;
				LD_RUNPATH_SEARCH_PATHS = "$(inherited) @executable_path/Frameworks";
				PRODUCT_BUNDLE_IDENTIFIER = de.je.JESlideMenu;
				PRODUCT_NAME = "$(TARGET_NAME)";
				PROVISIONING_PROFILE_SPECIFIER = "";
				SWIFT_VERSION = 3.0;
			};
			name = Debug;
		};
		8925D3691F3A17E600932307 /* Release */ = {
			isa = XCBuildConfiguration;
			buildSettings = {
				ASSETCATALOG_COMPILER_APPICON_NAME = AppIcon;
				CODE_SIGN_IDENTITY = "";
				"CODE_SIGN_IDENTITY[sdk=iphoneos*]" = "";
				DEVELOPMENT_TEAM = "";
				INFOPLIST_FILE = JESlideMenu/Info.plist;
				IPHONEOS_DEPLOYMENT_TARGET = 9.0;
				LD_RUNPATH_SEARCH_PATHS = "$(inherited) @executable_path/Frameworks";
				PRODUCT_BUNDLE_IDENTIFIER = de.je.JESlideMenu;
				PRODUCT_NAME = "$(TARGET_NAME)";
				PROVISIONING_PROFILE_SPECIFIER = "";
				SWIFT_VERSION = 3.0;
			};
			name = Release;
		};
/* End XCBuildConfiguration section */

/* Begin XCConfigurationList section */
		8925D3501F3A17E600932307 /* Build configuration list for PBXProject "JESlideMenu" */ = {
			isa = XCConfigurationList;
			buildConfigurations = (
				8925D3651F3A17E600932307 /* Debug */,
				8925D3661F3A17E600932307 /* Release */,
			);
			defaultConfigurationIsVisible = 0;
			defaultConfigurationName = Release;
		};
		8925D3671F3A17E600932307 /* Build configuration list for PBXNativeTarget "JESlideMenu" */ = {
			isa = XCConfigurationList;
			buildConfigurations = (
				8925D3681F3A17E600932307 /* Debug */,
				8925D3691F3A17E600932307 /* Release */,
			);
			defaultConfigurationIsVisible = 0;
			defaultConfigurationName = Release;
		};
/* End XCConfigurationList section */
	};
	rootObject = 8925D34D1F3A17E600932307 /* Project object */;
}
