// !$*UTF8*$!
{
	archiveVersion = 1;
	classes = {
	};
	objectVersion = 46;
	objects = {

/* Begin PBXBuildFile section */
		DD8050271B0CECF200DC153D /* AppDelegate.swift in Sources */ = {isa = PBXBuildFile; fileRef = DD8050261B0CECF200DC153D /* AppDelegate.swift */; };
		DD8050291B0CECF200DC153D /* ViewController.swift in Sources */ = {isa = PBXBuildFile; fileRef = DD8050281B0CECF200DC153D /* ViewController.swift */; };
		DD80502C1B0CECF200DC153D /* Main.storyboard in Resources */ = {isa = PBXBuildFile; fileRef = DD80502A1B0CECF200DC153D /* Main.storyboard */; };
		DD80502E1B0CECF200DC153D /* Images.xcassets in Resources */ = {isa = PBXBuildFile; fileRef = DD80502D1B0CECF200DC153D /* Images.xcassets */; };
		DD8050311B0CECF300DC153D /* LaunchScreen.xib in Resources */ = {isa = PBXBuildFile; fileRef = DD80502F1B0CECF300DC153D /* LaunchScreen.xib */; };
		DD80503D1B0CECF300DC153D /* JESliderTests.swift in Sources */ = {isa = PBXBuildFile; fileRef = DD80503C1B0CECF300DC153D /* JESliderTests.swift */; };
		DD8050471B0CEE4F00DC153D /* JEContainerViewController.swift in Sources */ = {isa = PBXBuildFile; fileRef = DD8050461B0CEE4F00DC153D /* JEContainerViewController.swift */; };
/* End PBXBuildFile section */

/* Begin PBXContainerItemProxy section */
		DD8050371B0CECF300DC153D /* PBXContainerItemProxy */ = {
			isa = PBXContainerItemProxy;
			containerPortal = DD8050191B0CECF200DC153D /* Project object */;
			proxyType = 1;
			remoteGlobalIDString = DD8050201B0CECF200DC153D;
			remoteInfo = JESlider;
		};
/* End PBXContainerItemProxy section */

/* Begin PBXFileReference section */
		DD8050211B0CECF200DC153D /* JESlider.app */ = {isa = PBXFileReference; explicitFileType = wrapper.application; includeInIndex = 0; path = JESlider.app; sourceTree = BUILT_PRODUCTS_DIR; };
		DD8050251B0CECF200DC153D /* Info.plist */ = {isa = PBXFileReference; lastKnownFileType = text.plist.xml; path = Info.plist; sourceTree = "<group>"; };
		DD8050261B0CECF200DC153D /* AppDelegate.swift */ = {isa = PBXFileReference; lastKnownFileType = sourcecode.swift; path = AppDelegate.swift; sourceTree = "<group>"; };
		DD8050281B0CECF200DC153D /* ViewController.swift */ = {isa = PBXFileReference; lastKnownFileType = sourcecode.swift; path = ViewController.swift; sourceTree = "<group>"; };
		DD80502B1B0CECF200DC153D /* Base */ = {isa = PBXFileReference; lastKnownFileType = file.storyboard; name = Base; path = Base.lproj/Main.storyboard; sourceTree = "<group>"; };
		DD80502D1B0CECF200DC153D /* Images.xcassets */ = {isa = PBXFileReference; lastKnownFileType = folder.assetcatalog; path = Images.xcassets; sourceTree = "<group>"; };
		DD8050301B0CECF300DC153D /* Base */ = {isa = PBXFileReference; lastKnownFileType = file.xib; name = Base; path = Base.lproj/LaunchScreen.xib; sourceTree = "<group>"; };
		DD8050361B0CECF300DC153D /* JESliderTests.xctest */ = {isa = PBXFileReference; explicitFileType = wrapper.cfbundle; includeInIndex = 0; path = JESliderTests.xctest; sourceTree = BUILT_PRODUCTS_DIR; };
		DD80503B1B0CECF300DC153D /* Info.plist */ = {isa = PBXFileReference; lastKnownFileType = text.plist.xml; path = Info.plist; sourceTree = "<group>"; };
		DD80503C1B0CECF300DC153D /* JESliderTests.swift */ = {isa = PBXFileReference; lastKnownFileType = sourcecode.swift; path = JESliderTests.swift; sourceTree = "<group>"; };
		DD8050461B0CEE4F00DC153D /* JEContainerViewController.swift */ = {isa = PBXFileReference; fileEncoding = 4; lastKnownFileType = sourcecode.swift; path = JEContainerViewController.swift; sourceTree = "<group>"; };
/* End PBXFileReference section */

/* Begin PBXFrameworksBuildPhase section */
		DD80501E1B0CECF200DC153D /* Frameworks */ = {
			isa = PBXFrameworksBuildPhase;
			buildActionMask = 2147483647;
			files = (
			);
			runOnlyForDeploymentPostprocessing = 0;
		};
		DD8050331B0CECF300DC153D /* Frameworks */ = {
			isa = PBXFrameworksBuildPhase;
			buildActionMask = 2147483647;
			files = (
			);
			runOnlyForDeploymentPostprocessing = 0;
		};
/* End PBXFrameworksBuildPhase section */

/* Begin PBXGroup section */
		DD8050181B0CECF200DC153D = {
			isa = PBXGroup;
			children = (
				DD8050231B0CECF200DC153D /* JESlider */,
				DD8050391B0CECF300DC153D /* JESliderTests */,
				DD8050221B0CECF200DC153D /* Products */,
			);
			sourceTree = "<group>";
		};
		DD8050221B0CECF200DC153D /* Products */ = {
			isa = PBXGroup;
			children = (
				DD8050211B0CECF200DC153D /* JESlider.app */,
				DD8050361B0CECF300DC153D /* JESliderTests.xctest */,
			);
			name = Products;
			sourceTree = "<group>";
		};
		DD8050231B0CECF200DC153D /* JESlider */ = {
			isa = PBXGroup;
			children = (
				DD8050261B0CECF200DC153D /* AppDelegate.swift */,
				DD8050281B0CECF200DC153D /* ViewController.swift */,
				DD8050461B0CEE4F00DC153D /* JEContainerViewController.swift */,
				DD80502A1B0CECF200DC153D /* Main.storyboard */,
				DD80502D1B0CECF200DC153D /* Images.xcassets */,
				DD80502F1B0CECF300DC153D /* LaunchScreen.xib */,
				DD8050241B0CECF200DC153D /* Supporting Files */,
			);
			path = JESlider;
			sourceTree = "<group>";
		};
		DD8050241B0CECF200DC153D /* Supporting Files */ = {
			isa = PBXGroup;
			children = (
				DD8050251B0CECF200DC153D /* Info.plist */,
			);
			name = "Supporting Files";
			sourceTree = "<group>";
		};
		DD8050391B0CECF300DC153D /* JESliderTests */ = {
			isa = PBXGroup;
			children = (
				DD80503C1B0CECF300DC153D /* JESliderTests.swift */,
				DD80503A1B0CECF300DC153D /* Supporting Files */,
			);
			path = JESliderTests;
			sourceTree = "<group>";
		};
		DD80503A1B0CECF300DC153D /* Supporting Files */ = {
			isa = PBXGroup;
			children = (
				DD80503B1B0CECF300DC153D /* Info.plist */,
			);
			name = "Supporting Files";
			sourceTree = "<group>";
		};
/* End PBXGroup section */

/* Begin PBXNativeTarget section */
		DD8050201B0CECF200DC153D /* JESlider */ = {
			isa = PBXNativeTarget;
			buildConfigurationList = DD8050401B0CECF300DC153D /* Build configuration list for PBXNativeTarget "JESlider" */;
			buildPhases = (
				DD80501D1B0CECF200DC153D /* Sources */,
				DD80501E1B0CECF200DC153D /* Frameworks */,
				DD80501F1B0CECF200DC153D /* Resources */,
			);
			buildRules = (
			);
			dependencies = (
			);
			name = JESlider;
			productName = JESlider;
			productReference = DD8050211B0CECF200DC153D /* JESlider.app */;
			productType = "com.apple.product-type.application";
		};
		DD8050351B0CECF300DC153D /* JESliderTests */ = {
			isa = PBXNativeTarget;
			buildConfigurationList = DD8050431B0CECF300DC153D /* Build configuration list for PBXNativeTarget "JESliderTests" */;
			buildPhases = (
				DD8050321B0CECF300DC153D /* Sources */,
				DD8050331B0CECF300DC153D /* Frameworks */,
				DD8050341B0CECF300DC153D /* Resources */,
			);
			buildRules = (
			);
			dependencies = (
				DD8050381B0CECF300DC153D /* PBXTargetDependency */,
			);
			name = JESliderTests;
			productName = JESliderTests;
			productReference = DD8050361B0CECF300DC153D /* JESliderTests.xctest */;
			productType = "com.apple.product-type.bundle.unit-test";
		};
/* End PBXNativeTarget section */

/* Begin PBXProject section */
		DD8050191B0CECF200DC153D /* Project object */ = {
			isa = PBXProject;
			attributes = {
				LastUpgradeCheck = 0630;
				ORGANIZATIONNAME = JE;
				TargetAttributes = {
					DD8050201B0CECF200DC153D = {
						CreatedOnToolsVersion = 6.3.2;
					};
					DD8050351B0CECF300DC153D = {
						CreatedOnToolsVersion = 6.3.2;
						TestTargetID = DD8050201B0CECF200DC153D;
					};
				};
			};
			buildConfigurationList = DD80501C1B0CECF200DC153D /* Build configuration list for PBXProject "JESlider" */;
			compatibilityVersion = "Xcode 3.2";
			developmentRegion = English;
			hasScannedForEncodings = 0;
			knownRegions = (
				en,
				Base,
			);
			mainGroup = DD8050181B0CECF200DC153D;
			productRefGroup = DD8050221B0CECF200DC153D /* Products */;
			projectDirPath = "";
			projectRoot = "";
			targets = (
				DD8050201B0CECF200DC153D /* JESlider */,
				DD8050351B0CECF300DC153D /* JESliderTests */,
			);
		};
/* End PBXProject section */

/* Begin PBXResourcesBuildPhase section */
		DD80501F1B0CECF200DC153D /* Resources */ = {
			isa = PBXResourcesBuildPhase;
			buildActionMask = 2147483647;
			files = (
				DD80502C1B0CECF200DC153D /* Main.storyboard in Resources */,
				DD8050311B0CECF300DC153D /* LaunchScreen.xib in Resources */,
				DD80502E1B0CECF200DC153D /* Images.xcassets in Resources */,
			);
			runOnlyForDeploymentPostprocessing = 0;
		};
		DD8050341B0CECF300DC153D /* Resources */ = {
			isa = PBXResourcesBuildPhase;
			buildActionMask = 2147483647;
			files = (
			);
			runOnlyForDeploymentPostprocessing = 0;
		};
/* End PBXResourcesBuildPhase section */

/* Begin PBXSourcesBuildPhase section */
		DD80501D1B0CECF200DC153D /* Sources */ = {
			isa = PBXSourcesBuildPhase;
			buildActionMask = 2147483647;
			files = (
				DD8050291B0CECF200DC153D /* ViewController.swift in Sources */,
				DD8050471B0CEE4F00DC153D /* JEContainerViewController.swift in Sources */,
				DD8050271B0CECF200DC153D /* AppDelegate.swift in Sources */,
			);
			runOnlyForDeploymentPostprocessing = 0;
		};
		DD8050321B0CECF300DC153D /* Sources */ = {
			isa = PBXSourcesBuildPhase;
			buildActionMask = 2147483647;
			files = (
				DD80503D1B0CECF300DC153D /* JESliderTests.swift in Sources */,
			);
			runOnlyForDeploymentPostprocessing = 0;
		};
/* End PBXSourcesBuildPhase section */

/* Begin PBXTargetDependency section */
		DD8050381B0CECF300DC153D /* PBXTargetDependency */ = {
			isa = PBXTargetDependency;
			target = DD8050201B0CECF200DC153D /* JESlider */;
			targetProxy = DD8050371B0CECF300DC153D /* PBXContainerItemProxy */;
		};
/* End PBXTargetDependency section */

/* Begin PBXVariantGroup section */
		DD80502A1B0CECF200DC153D /* Main.storyboard */ = {
			isa = PBXVariantGroup;
			children = (
				DD80502B1B0CECF200DC153D /* Base */,
			);
			name = Main.storyboard;
			sourceTree = "<group>";
		};
		DD80502F1B0CECF300DC153D /* LaunchScreen.xib */ = {
			isa = PBXVariantGroup;
			children = (
				DD8050301B0CECF300DC153D /* Base */,
			);
			name = LaunchScreen.xib;
			sourceTree = "<group>";
		};
/* End PBXVariantGroup section */

/* Begin XCBuildConfiguration section */
		DD80503E1B0CECF300DC153D /* Debug */ = {
			isa = XCBuildConfiguration;
			buildSettings = {
				ALWAYS_SEARCH_USER_PATHS = NO;
				CLANG_CXX_LANGUAGE_STANDARD = "gnu++0x";
				CLANG_CXX_LIBRARY = "libc++";
				CLANG_ENABLE_MODULES = YES;
				CLANG_ENABLE_OBJC_ARC = YES;
				CLANG_WARN_BOOL_CONVERSION = YES;
				CLANG_WARN_CONSTANT_CONVERSION = YES;
				CLANG_WARN_DIRECT_OBJC_ISA_USAGE = YES_ERROR;
				CLANG_WARN_EMPTY_BODY = YES;
				CLANG_WARN_ENUM_CONVERSION = YES;
				CLANG_WARN_INT_CONVERSION = YES;
				CLANG_WARN_OBJC_ROOT_CLASS = YES_ERROR;
				CLANG_WARN_UNREACHABLE_CODE = YES;
				CLANG_WARN__DUPLICATE_METHOD_MATCH = YES;
				"CODE_SIGN_IDENTITY[sdk=iphoneos*]" = "iPhone Developer";
				COPY_PHASE_STRIP = NO;
				DEBUG_INFORMATION_FORMAT = "dwarf-with-dsym";
				ENABLE_STRICT_OBJC_MSGSEND = YES;
				GCC_C_LANGUAGE_STANDARD = gnu99;
				GCC_DYNAMIC_NO_PIC = NO;
				GCC_NO_COMMON_BLOCKS = YES;
				GCC_OPTIMIZATION_LEVEL = 0;
				GCC_PREPROCESSOR_DEFINITIONS = (
					"DEBUG=1",
					"$(inherited)",
				);
				GCC_SYMBOLS_PRIVATE_EXTERN = NO;
				GCC_WARN_64_TO_32_BIT_CONVERSION = YES;
				GCC_WARN_ABOUT_RETURN_TYPE = YES_ERROR;
				GCC_WARN_UNDECLARED_SELECTOR = YES;
				GCC_WARN_UNINITIALIZED_AUTOS = YES_AGGRESSIVE;
				GCC_WARN_UNUSED_FUNCTION = YES;
				GCC_WARN_UNUSED_VARIABLE = YES;
				IPHONEOS_DEPLOYMENT_TARGET = 8.3;
				MTL_ENABLE_DEBUG_INFO = YES;
				ONLY_ACTIVE_ARCH = YES;
				SDKROOT = iphoneos;
				SWIFT_OPTIMIZATION_LEVEL = "-Onone";
				TARGETED_DEVICE_FAMILY = "1,2";
			};
			name = Debug;
		};
		DD80503F1B0CECF300DC153D /* Release */ = {
			isa = XCBuildConfiguration;
			buildSettings = {
				ALWAYS_SEARCH_USER_PATHS = NO;
				CLANG_CXX_LANGUAGE_STANDARD = "gnu++0x";
				CLANG_CXX_LIBRARY = "libc++";
				CLANG_ENABLE_MODULES = YES;
				CLANG_ENABLE_OBJC_ARC = YES;
				CLANG_WARN_BOOL_CONVERSION = YES;
				CLANG_WARN_CONSTANT_CONVERSION = YES;
				CLANG_WARN_DIRECT_OBJC_ISA_USAGE = YES_ERROR;
				CLANG_WARN_EMPTY_BODY = YES;
				CLANG_WARN_ENUM_CONVERSION = YES;
				CLANG_WARN_INT_CONVERSION = YES;
				CLANG_WARN_OBJC_ROOT_CLASS = YES_ERROR;
				CLANG_WARN_UNREACHABLE_CODE = YES;
				CLANG_WARN__DUPLICATE_METHOD_MATCH = YES;
				"CODE_SIGN_IDENTITY[sdk=iphoneos*]" = "iPhone Developer";
				COPY_PHASE_STRIP = NO;
				DEBUG_INFORMATION_FORMAT = "dwarf-with-dsym";
				ENABLE_NS_ASSERTIONS = NO;
				ENABLE_STRICT_OBJC_MSGSEND = YES;
				GCC_C_LANGUAGE_STANDARD = gnu99;
				GCC_NO_COMMON_BLOCKS = YES;
				GCC_WARN_64_TO_32_BIT_CONVERSION = YES;
				GCC_WARN_ABOUT_RETURN_TYPE = YES_ERROR;
				GCC_WARN_UNDECLARED_SELECTOR = YES;
				GCC_WARN_UNINITIALIZED_AUTOS = YES_AGGRESSIVE;
				GCC_WARN_UNUSED_FUNCTION = YES;
				GCC_WARN_UNUSED_VARIABLE = YES;
				IPHONEOS_DEPLOYMENT_TARGET = 8.3;
				MTL_ENABLE_DEBUG_INFO = NO;
				SDKROOT = iphoneos;
				TARGETED_DEVICE_FAMILY = "1,2";
				VALIDATE_PRODUCT = YES;
			};
			name = Release;
		};
		DD8050411B0CECF300DC153D /* Debug */ = {
			isa = XCBuildConfiguration;
			buildSettings = {
				ASSETCATALOG_COMPILER_APPICON_NAME = AppIcon;
				INFOPLIST_FILE = JESlider/Info.plist;
				LD_RUNPATH_SEARCH_PATHS = "$(inherited) @executable_path/Frameworks";
				PRODUCT_NAME = "$(TARGET_NAME)";
			};
			name = Debug;
		};
		DD8050421B0CECF300DC153D /* Release */ = {
			isa = XCBuildConfiguration;
			buildSettings = {
				ASSETCATALOG_COMPILER_APPICON_NAME = AppIcon;
				INFOPLIST_FILE = JESlider/Info.plist;
				LD_RUNPATH_SEARCH_PATHS = "$(inherited) @executable_path/Frameworks";
				PRODUCT_NAME = "$(TARGET_NAME)";
			};
			name = Release;
		};
		DD8050441B0CECF300DC153D /* Debug */ = {
			isa = XCBuildConfiguration;
			buildSettings = {
				BUNDLE_LOADER = "$(TEST_HOST)";
				FRAMEWORK_SEARCH_PATHS = (
					"$(SDKROOT)/Developer/Library/Frameworks",
					"$(inherited)",
				);
				GCC_PREPROCESSOR_DEFINITIONS = (
					"DEBUG=1",
					"$(inherited)",
				);
				INFOPLIST_FILE = JESliderTests/Info.plist;
				LD_RUNPATH_SEARCH_PATHS = "$(inherited) @executable_path/Frameworks @loader_path/Frameworks";
				PRODUCT_NAME = "$(TARGET_NAME)";
				TEST_HOST = "$(BUILT_PRODUCTS_DIR)/JESlider.app/JESlider";
			};
			name = Debug;
		};
		DD8050451B0CECF300DC153D /* Release */ = {
			isa = XCBuildConfiguration;
			buildSettings = {
				BUNDLE_LOADER = "$(TEST_HOST)";
				FRAMEWORK_SEARCH_PATHS = (
					"$(SDKROOT)/Developer/Library/Frameworks",
					"$(inherited)",
				);
				INFOPLIST_FILE = JESliderTests/Info.plist;
				LD_RUNPATH_SEARCH_PATHS = "$(inherited) @executable_path/Frameworks @loader_path/Frameworks";
				PRODUCT_NAME = "$(TARGET_NAME)";
				TEST_HOST = "$(BUILT_PRODUCTS_DIR)/JESlider.app/JESlider";
			};
			name = Release;
		};
/* End XCBuildConfiguration section */

/* Begin XCConfigurationList section */
		DD80501C1B0CECF200DC153D /* Build configuration list for PBXProject "JESlider" */ = {
			isa = XCConfigurationList;
			buildConfigurations = (
				DD80503E1B0CECF300DC153D /* Debug */,
				DD80503F1B0CECF300DC153D /* Release */,
			);
			defaultConfigurationIsVisible = 0;
			defaultConfigurationName = Release;
		};
		DD8050401B0CECF300DC153D /* Build configuration list for PBXNativeTarget "JESlider" */ = {
			isa = XCConfigurationList;
			buildConfigurations = (
				DD8050411B0CECF300DC153D /* Debug */,
				DD8050421B0CECF300DC153D /* Release */,
			);
			defaultConfigurationIsVisible = 0;
		};
		DD8050431B0CECF300DC153D /* Build configuration list for PBXNativeTarget "JESliderTests" */ = {
			isa = XCConfigurationList;
			buildConfigurations = (
				DD8050441B0CECF300DC153D /* Debug */,
				DD8050451B0CECF300DC153D /* Release */,
			);
			defaultConfigurationIsVisible = 0;
		};
/* End XCConfigurationList section */
	};
	rootObject = DD8050191B0CECF200DC153D /* Project object */;
}
